
Microsoft Visual Studio Solution File, Format Version 12.00
# Visual Studio 15
VisualStudioVersion = 15.0.28307.902
MinimumVisualStudioVersion = 10.0.40219.1
Project("{8BC9CEB8-8B4A-11D0-8D11-00A0C91BC942}") = "githubT1", "githubT1\githubT1.vcxproj", "{55F25DEA-4E76-4D71-9A4D-F16B2976C167}"
EndProject
Global
	GlobalSection(SolutionConfigurationPlatforms) = preSolution
		Debug|x64 = Debug|x64
		Debug|x86 = Debug|x86
		Release|x64 = Release|x64
		Release|x86 = Release|x86
	EndGlobalSection
	GlobalSection(ProjectConfigurationPlatforms) = postSolution
		{55F25DEA-4E76-4D71-9A4D-F16B2976C167}.Debug|x64.ActiveCfg = Debug|x64
		{55F25DEA-4E76-4D71-9A4D-F16B2976C167}.Debug|x64.Build.0 = Debug|x64
		{55F25DEA-4E76-4D71-9A4D-F16B2976C167}.Debug|x86.ActiveCfg = Debug|Win32
		{55F25DEA-4E76-4D71-9A4D-F16B2976C167}.Debug|x86.Build.0 = Debug|Win32
		{55F25DEA-4E76-4D71-9A4D-F16B2976C167}.Release|x64.ActiveCfg = Release|x64
		{55F25DEA-4E76-4D71-9A4D-F16B2976C167}.Release|x64.Build.0 = Release|x64
		{55F25DEA-4E76-4D71-9A4D-F16B2976C167}.Release|x86.ActiveCfg = Release|Win32
		{55F25DEA-4E76-4D71-9A4D-F16B2976C167}.Release|x86.Build.0 = Release|Win32
	EndGlobalSection
	GlobalSection(SolutionProperties) = preSolution
		HideSolutionNode = FALSE
	EndGlobalSection
	GlobalSection(ExtensibilityGlobals) = postSolution
		SolutionGuid = {35708621-9CE1-426E-89E4-814C6077FD20}
	EndGlobalSection
EndGlobal
